
Microsoft Visual Studio Solution File, Format Version 12.00
# Visual Studio Version 17
VisualStudioVersion = 17.8.34525.116
MinimumVisualStudioVersion = 10.0.40219.1
Project("{FAE04EC0-301F-11D3-BF4B-00C04F79EFBC}") = "GoogleMap.SDK.API", "GoogleMap.SDK.API\GoogleMap.SDK.API.csproj", "{59EE6B30-24BB-4253-9280-A07C08EF2BDC}"
EndProject
Project("{FAE04EC0-301F-11D3-BF4B-00C04F79EFBC}") = "GoogleMap.SDK.Contract", "GoogleMap.SDK.Contract\GoogleMap.SDK.Contract.csproj", "{FA4AED75-020D-4385-BD1C-8321BD49E4DC}"
EndProject
Project("{FAE04EC0-301F-11D3-BF4B-00C04F79EFBC}") = "GoogleMap.SDK.Share", "GoogleMap.SDK.Share\GoogleMap.SDK.Share.csproj", "{4F4FC13B-8AA4-4EA2-A0B7-461A935B627F}"
EndProject
Project("{FAE04EC0-301F-11D3-BF4B-00C04F79EFBC}") = "GoogleMap.SDK.Core", "GoogleMap.SDK.Core\GoogleMap.SDK.Core.csproj", "{13983797-472F-4895-838E-7C081BB060F5}"
EndProject
Project("{FAE04EC0-301F-11D3-BF4B-00C04F79EFBC}") = "GoogleMap.SDK.UI.Winform", "GoogleMap.SDK.UI.Winform\GoogleMap.SDK.UI.Winform.csproj", "{EFB77152-32DA-42D6-8CBA-3F0A3B12EFA2}"
EndProject
Project("{FAE04EC0-301F-11D3-BF4B-00C04F79EFBC}") = "GoogleMap.SDK.UI.Winform.Test", "GoogleMap.SDK.UI.Winform.Test\GoogleMap.SDK.UI.Winform.Test.csproj", "{DB0B2F17-9F4D-4C48-9649-8D92B159B913}"
EndProject
Global
	GlobalSection(SolutionConfigurationPlatforms) = preSolution
		Debug|Any CPU = Debug|Any CPU
		Release|Any CPU = Release|Any CPU
	EndGlobalSection
	GlobalSection(ProjectConfigurationPlatforms) = postSolution
		{59EE6B30-24BB-4253-9280-A07C08EF2BDC}.Debug|Any CPU.ActiveCfg = Debug|Any CPU
		{59EE6B30-24BB-4253-9280-A07C08EF2BDC}.Debug|Any CPU.Build.0 = Debug|Any CPU
		{59EE6B30-24BB-4253-9280-A07C08EF2BDC}.Release|Any CPU.ActiveCfg = Release|Any CPU
		{59EE6B30-24BB-4253-9280-A07C08EF2BDC}.Release|Any CPU.Build.0 = Release|Any CPU
		{FA4AED75-020D-4385-BD1C-8321BD49E4DC}.Debug|Any CPU.ActiveCfg = Debug|Any CPU
		{FA4AED75-020D-4385-BD1C-8321BD49E4DC}.Debug|Any CPU.Build.0 = Debug|Any CPU
		{FA4AED75-020D-4385-BD1C-8321BD49E4DC}.Release|Any CPU.ActiveCfg = Release|Any CPU
		{FA4AED75-020D-4385-BD1C-8321BD49E4DC}.Release|Any CPU.Build.0 = Release|Any CPU
		{4F4FC13B-8AA4-4EA2-A0B7-461A935B627F}.Debug|Any CPU.ActiveCfg = Debug|Any CPU
		{4F4FC13B-8AA4-4EA2-A0B7-461A935B627F}.Debug|Any CPU.Build.0 = Debug|Any CPU
		{4F4FC13B-8AA4-4EA2-A0B7-461A935B627F}.Release|Any CPU.ActiveCfg = Release|Any CPU
		{4F4FC13B-8AA4-4EA2-A0B7-461A935B627F}.Release|Any CPU.Build.0 = Release|Any CPU
		{13983797-472F-4895-838E-7C081BB060F5}.Debug|Any CPU.ActiveCfg = Debug|Any CPU
		{13983797-472F-4895-838E-7C081BB060F5}.Debug|Any CPU.Build.0 = Debug|Any CPU
		{13983797-472F-4895-838E-7C081BB060F5}.Release|Any CPU.ActiveCfg = Release|Any CPU
		{13983797-472F-4895-838E-7C081BB060F5}.Release|Any CPU.Build.0 = Release|Any CPU
		{EFB77152-32DA-42D6-8CBA-3F0A3B12EFA2}.Debug|Any CPU.ActiveCfg = Debug|Any CPU
		{EFB77152-32DA-42D6-8CBA-3F0A3B12EFA2}.Debug|Any CPU.Build.0 = Debug|Any CPU
		{EFB77152-32DA-42D6-8CBA-3F0A3B12EFA2}.Release|Any CPU.ActiveCfg = Release|Any CPU
		{EFB77152-32DA-42D6-8CBA-3F0A3B12EFA2}.Release|Any CPU.Build.0 = Release|Any CPU
		{DB0B2F17-9F4D-4C48-9649-8D92B159B913}.Debug|Any CPU.ActiveCfg = Debug|Any CPU
		{DB0B2F17-9F4D-4C48-9649-8D92B159B913}.Debug|Any CPU.Build.0 = Debug|Any CPU
		{DB0B2F17-9F4D-4C48-9649-8D92B159B913}.Release|Any CPU.ActiveCfg = Release|Any CPU
		{DB0B2F17-9F4D-4C48-9649-8D92B159B913}.Release|Any CPU.Build.0 = Release|Any CPU
	EndGlobalSection
	GlobalSection(SolutionProperties) = preSolution
		HideSolutionNode = FALSE
	EndGlobalSection
	GlobalSection(ExtensibilityGlobals) = postSolution
		SolutionGuid = {BE728F21-61AE-462F-AD79-E942622BCDF0}
	EndGlobalSection
EndGlobal
